# This file is automatically @generated by Cargo.
# It is not intended for manual editing.
[[package]]
name = "rc"
version = "0.1.1"
source = "registry+https://github.com/rust-lang/crates.io-index"
checksum = "ea7a573cb939eb63f37bc0228511f9780b7cdd2599df547706f8ffc58fa693bb"

[[package]]
name = "rust_test1"
version = "0.1.0"
dependencies = [
 "rc",
]
